
Microsoft Visual Studio Solution File, Format Version 12.00
# Visual Studio Version 17
VisualStudioVersion = 17.4.33403.182
MinimumVisualStudioVersion = 10.0.40219.1
Project("{8BC9CEB8-8B4A-11D0-8D11-00A0C91BC942}") = "Replace", "Replace\Replace.vcxproj", "{64AF243B-8844-47AC-8FA6-5E42574E7AD1}"
EndProject
Project("{8BC9CEB8-8B4A-11D0-8D11-00A0C91BC942}") = "Radix", "Radix\Radix.vcxproj", "{444B9AFE-7E38-41C2-9965-BE68DB89D515}"
EndProject
Project("{8BC9CEB8-8B4A-11D0-8D11-00A0C91BC942}") = "Invert", "Invert\Invert.vcxproj", "{B3A8FAFE-BCD2-422B-B5EF-3689760FC0B2}"
EndProject
Project("{8BC9CEB8-8B4A-11D0-8D11-00A0C91BC942}") = "Crypt", "Crypt\Crypt.vcxproj", "{218AD555-10A2-41B7-BF65-5C3F921BB6F0}"
EndProject
Project("{2150E333-8FDC-42A3-9474-1A3956D46DE8}") = "Lab_2", "Lab_2", "{5D0908D7-0F1A-4C25-BDB2-EC9E398A1D83}"
EndProject
Project("{8BC9CEB8-8B4A-11D0-8D11-00A0C91BC942}") = "vector_6", "vector_6\vector_6.vcxproj", "{8CB44EAC-07B4-461A-9AFC-659720FC5990}"
EndProject
Project("{8BC9CEB8-8B4A-11D0-8D11-00A0C91BC942}") = "HTMLDecode", "HTMLDecode\HTMLDecode.vcxproj", "{D5015FEB-2FA8-47B3-9DDA-E5E02D8E2DA8}"
EndProject
Global
	GlobalSection(SolutionConfigurationPlatforms) = preSolution
		Debug|x64 = Debug|x64
		Debug|x86 = Debug|x86
		Release|x64 = Release|x64
		Release|x86 = Release|x86
	EndGlobalSection
	GlobalSection(ProjectConfigurationPlatforms) = postSolution
		{64AF243B-8844-47AC-8FA6-5E42574E7AD1}.Debug|x64.ActiveCfg = Debug|x64
		{64AF243B-8844-47AC-8FA6-5E42574E7AD1}.Debug|x64.Build.0 = Debug|x64
		{64AF243B-8844-47AC-8FA6-5E42574E7AD1}.Debug|x86.ActiveCfg = Debug|Win32
		{64AF243B-8844-47AC-8FA6-5E42574E7AD1}.Debug|x86.Build.0 = Debug|Win32
		{64AF243B-8844-47AC-8FA6-5E42574E7AD1}.Release|x64.ActiveCfg = Release|x64
		{64AF243B-8844-47AC-8FA6-5E42574E7AD1}.Release|x64.Build.0 = Release|x64
		{64AF243B-8844-47AC-8FA6-5E42574E7AD1}.Release|x86.ActiveCfg = Release|Win32
		{64AF243B-8844-47AC-8FA6-5E42574E7AD1}.Release|x86.Build.0 = Release|Win32
		{444B9AFE-7E38-41C2-9965-BE68DB89D515}.Debug|x64.ActiveCfg = Debug|x64
		{444B9AFE-7E38-41C2-9965-BE68DB89D515}.Debug|x64.Build.0 = Debug|x64
		{444B9AFE-7E38-41C2-9965-BE68DB89D515}.Debug|x86.ActiveCfg = Debug|Win32
		{444B9AFE-7E38-41C2-9965-BE68DB89D515}.Debug|x86.Build.0 = Debug|Win32
		{444B9AFE-7E38-41C2-9965-BE68DB89D515}.Release|x64.ActiveCfg = Release|x64
		{444B9AFE-7E38-41C2-9965-BE68DB89D515}.Release|x64.Build.0 = Release|x64
		{444B9AFE-7E38-41C2-9965-BE68DB89D515}.Release|x86.ActiveCfg = Release|Win32
		{444B9AFE-7E38-41C2-9965-BE68DB89D515}.Release|x86.Build.0 = Release|Win32
		{B3A8FAFE-BCD2-422B-B5EF-3689760FC0B2}.Debug|x64.ActiveCfg = Debug|x64
		{B3A8FAFE-BCD2-422B-B5EF-3689760FC0B2}.Debug|x64.Build.0 = Debug|x64
		{B3A8FAFE-BCD2-422B-B5EF-3689760FC0B2}.Debug|x86.ActiveCfg = Debug|Win32
		{B3A8FAFE-BCD2-422B-B5EF-3689760FC0B2}.Debug|x86.Build.0 = Debug|Win32
		{B3A8FAFE-BCD2-422B-B5EF-3689760FC0B2}.Release|x64.ActiveCfg = Release|x64
		{B3A8FAFE-BCD2-422B-B5EF-3689760FC0B2}.Release|x64.Build.0 = Release|x64
		{B3A8FAFE-BCD2-422B-B5EF-3689760FC0B2}.Release|x86.ActiveCfg = Release|Win32
		{B3A8FAFE-BCD2-422B-B5EF-3689760FC0B2}.Release|x86.Build.0 = Release|Win32
		{218AD555-10A2-41B7-BF65-5C3F921BB6F0}.Debug|x64.ActiveCfg = Debug|x64
		{218AD555-10A2-41B7-BF65-5C3F921BB6F0}.Debug|x64.Build.0 = Debug|x64
		{218AD555-10A2-41B7-BF65-5C3F921BB6F0}.Debug|x86.ActiveCfg = Debug|Win32
		{218AD555-10A2-41B7-BF65-5C3F921BB6F0}.Debug|x86.Build.0 = Debug|Win32
		{218AD555-10A2-41B7-BF65-5C3F921BB6F0}.Release|x64.ActiveCfg = Release|x64
		{218AD555-10A2-41B7-BF65-5C3F921BB6F0}.Release|x64.Build.0 = Release|x64
		{218AD555-10A2-41B7-BF65-5C3F921BB6F0}.Release|x86.ActiveCfg = Release|Win32
		{218AD555-10A2-41B7-BF65-5C3F921BB6F0}.Release|x86.Build.0 = Release|Win32
		{8CB44EAC-07B4-461A-9AFC-659720FC5990}.Debug|x64.ActiveCfg = Debug|x64
		{8CB44EAC-07B4-461A-9AFC-659720FC5990}.Debug|x64.Build.0 = Debug|x64
		{8CB44EAC-07B4-461A-9AFC-659720FC5990}.Debug|x86.ActiveCfg = Debug|Win32
		{8CB44EAC-07B4-461A-9AFC-659720FC5990}.Debug|x86.Build.0 = Debug|Win32
		{8CB44EAC-07B4-461A-9AFC-659720FC5990}.Release|x64.ActiveCfg = Release|x64
		{8CB44EAC-07B4-461A-9AFC-659720FC5990}.Release|x64.Build.0 = Release|x64
		{8CB44EAC-07B4-461A-9AFC-659720FC5990}.Release|x86.ActiveCfg = Release|Win32
		{8CB44EAC-07B4-461A-9AFC-659720FC5990}.Release|x86.Build.0 = Release|Win32
		{D5015FEB-2FA8-47B3-9DDA-E5E02D8E2DA8}.Debug|x64.ActiveCfg = Debug|x64
		{D5015FEB-2FA8-47B3-9DDA-E5E02D8E2DA8}.Debug|x64.Build.0 = Debug|x64
		{D5015FEB-2FA8-47B3-9DDA-E5E02D8E2DA8}.Debug|x86.ActiveCfg = Debug|Win32
		{D5015FEB-2FA8-47B3-9DDA-E5E02D8E2DA8}.Debug|x86.Build.0 = Debug|Win32
		{D5015FEB-2FA8-47B3-9DDA-E5E02D8E2DA8}.Release|x64.ActiveCfg = Release|x64
		{D5015FEB-2FA8-47B3-9DDA-E5E02D8E2DA8}.Release|x64.Build.0 = Release|x64
		{D5015FEB-2FA8-47B3-9DDA-E5E02D8E2DA8}.Release|x86.ActiveCfg = Release|Win32
		{D5015FEB-2FA8-47B3-9DDA-E5E02D8E2DA8}.Release|x86.Build.0 = Release|Win32
	EndGlobalSection
	GlobalSection(SolutionProperties) = preSolution
		HideSolutionNode = FALSE
	EndGlobalSection
	GlobalSection(NestedProjects) = preSolution
		{8CB44EAC-07B4-461A-9AFC-659720FC5990} = {5D0908D7-0F1A-4C25-BDB2-EC9E398A1D83}
		{D5015FEB-2FA8-47B3-9DDA-E5E02D8E2DA8} = {5D0908D7-0F1A-4C25-BDB2-EC9E398A1D83}
	EndGlobalSection
	GlobalSection(ExtensibilityGlobals) = postSolution
		SolutionGuid = {EA14EA0D-FFEF-4195-B2E6-9990F3D9AEF4}
	EndGlobalSection
EndGlobal
